# This file is automatically @generated by Cargo.
# It is not intended for manual editing.
version = 4

[[package]]
name = "ahash"
version = "0.8.12"
source = "registry+https://github.com/rust-lang/crates.io-index"
checksum = "5a15f179cd60c4584b8a8c596927aadc462e27f2ca70c04e0071964a73ba7a75"
dependencies = [
 "cfg-if",
 "once_cell",
 "version_check",
 "zerocopy",
]

[[package]]
name = "anyhow"
version = "1.0.100"
source = "registry+https://github.com/rust-lang/crates.io-index"
checksum = "a23eb6b1614318a8071c9b2521f36b424b2c83db5eb3a0fead4a6c0809af6e61"

[[package]]
name = "arena-traits"
version = "0.2.3"
source = "registry+https://github.com/rust-lang/crates.io-index"
checksum = "294252f426d5a6c175bcacfabf794c7e16790ccc7e0721eaddee0cc946323492"

[[package]]
name = "base64"
version = "0.22.1"
source = "registry+https://github.com/rust-lang/crates.io-index"
checksum = "72b3254f16251a8381aa12e40e3c4d2f0199f8c6508fbecb9d91f575e0fbb8c6"

[[package]]
name = "bitflags"
version = "2.10.0"
source = "registry+https://github.com/rust-lang/crates.io-index"
checksum = "812e12b5285cc515a9c72a5c1d3b6d46a19dac5acfef5265968c166106e31dd3"

[[package]]
name = "block-buffer"
version = "0.10.4"
source = "registry+https://github.com/rust-lang/crates.io-index"
checksum = "3078c7629b62d3f0439517fa394996acacc5cbc91c5a20d8c658e77abd503a71"
dependencies = [
 "generic-array",
]

[[package]]
name = "byteorder"
version = "1.5.0"
source = "registry+https://github.com/rust-lang/crates.io-index"
checksum = "1fd0f2584146f6f2ef48085050886acf353beff7305ebd1ae69500e27c67f64b"

[[package]]
name = "cfg-if"
version = "1.0.4"
source = "registry+https://github.com/rust-lang/crates.io-index"
checksum = "9330f8b2ff13f34540b44e946ef35111825727b38d33286ef986142615121801"

[[package]]
name = "convert_case"
version = "0.10.0"
source = "registry+https://github.com/rust-lang/crates.io-index"
checksum = "633458d4ef8c78b72454de2d54fd6ab2e60f9e02be22f3c6104cdc8a4e0fceb9"
dependencies = [
 "unicode-segmentation",
]

[[package]]
name = "cpufeatures"
version = "0.2.17"
source = "registry+https://github.com/rust-lang/crates.io-index"
checksum = "59ed5838eebb26a2bb2e58f6d5b5316989ae9d08bab10e0e6d103e656d1b0280"
dependencies = [
 "libc",
]

[[package]]
name = "crypto-common"
version = "0.1.7"
source = "registry+https://github.com/rust-lang/crates.io-index"
checksum = "78c8292055d1c1df0cce5d180393dc8cce0abec0a7102adb6c7b1eef6016d60a"
dependencies = [
 "generic-array",
 "typenum",
]

[[package]]
name = "darling"
version = "0.23.0"
source = "registry+https://github.com/rust-lang/crates.io-index"
checksum = "25ae13da2f202d56bd7f91c25fba009e7717a1e4a1cc98a76d844b65ae912e9d"
dependencies = [
 "darling_core",
 "darling_macro",
]

[[package]]
name = "darling_core"
version = "0.23.0"
source = "registry+https://github.com/rust-lang/crates.io-index"
checksum = "9865a50f7c335f53564bb694ef660825eb8610e0a53d3e11bf1b0d3df31e03b0"
dependencies = [
 "ident_case",
 "proc-macro2",
 "quote",
 "strsim",
 "syn 2.0.114",
]

[[package]]
name = "darling_macro"
version = "0.23.0"
source = "registry+https://github.com/rust-lang/crates.io-index"
checksum = "ac3984ec7bd6cfa798e62b4a642426a5be0e68f9401cfc2a01e3fa9ea2fcdb8d"
dependencies = [
 "darling_core",
 "quote",
 "syn 2.0.114",
]

[[package]]
name = "derive_more"
version = "2.1.1"
source = "registry+https://github.com/rust-lang/crates.io-index"
checksum = "d751e9e49156b02b44f9c1815bcb94b984cdcc4396ecc32521c739452808b134"
dependencies = [
 "derive_more-impl",
]

[[package]]
name = "derive_more-impl"
version = "2.1.1"
source = "registry+https://github.com/rust-lang/crates.io-index"
checksum = "799a97264921d8623a957f6c3b9011f3b5492f557bbb7a5a19b7fa6d06ba8dcb"
dependencies = [
 "convert_case",
 "proc-macro2",
 "quote",
 "rustc_version",
 "syn 2.0.114",
 "unicode-xid",
]

[[package]]
name = "digest"
version = "0.10.7"
source = "registry+https://github.com/rust-lang/crates.io-index"
checksum = "9ed9a281f7bc9b7576e61468ba615a66a5c8cfdff42420a70aa82701a3b1e292"
dependencies = [
 "block-buffer",
 "crypto-common",
]

[[package]]
name = "either"
version = "1.15.0"
source = "registry+https://github.com/rust-lang/crates.io-index"
checksum = "48c757948c5ede0e46177b7add2e67155f70e33c07fea8284df6576da70b3719"
dependencies = [
 "serde",
]

[[package]]
name = "equivalent"
version = "1.0.2"
source = "registry+https://github.com/rust-lang/crates.io-index"
checksum = "877a4ace8713b0bcf2a4e7eec82529c029f1d0619886d18145fea96c3ffe5c0f"

[[package]]
name = "ext-trait"
version = "1.0.1"
source = "registry+https://github.com/rust-lang/crates.io-index"
checksum = "d772df1c1a777963712fb68e014235e80863d6a91a85c4e06ba2d16243a310e5"
dependencies = [
 "ext-trait-proc_macros",
]

[[package]]
name = "ext-trait-proc_macros"
version = "1.0.1"
source = "registry+https://github.com/rust-lang/crates.io-index"
checksum = "1ab7934152eaf26aa5aa9f7371408ad5af4c31357073c9e84c3b9d7f11ad639a"
dependencies = [
 "proc-macro2",
 "quote",
 "syn 1.0.109",
]

[[package]]
name = "extension-traits"
version = "1.0.1"
source = "registry+https://github.com/rust-lang/crates.io-index"
checksum = "a296e5a895621edf9fa8329c83aa1cb69a964643e36cf54d8d7a69b789089537"
dependencies = [
 "ext-trait",
]

[[package]]
name = "externref"
version = "0.2.0"
source = "registry+https://github.com/rust-lang/crates.io-index"
checksum = "b078507c9badc1c2304de402f373950b30ef80b793096cd2a8c0312c8c676cad"
dependencies = [
 "anyhow",
 "externref-macro",
 "walrus",
]

[[package]]
name = "externref-macro"
version = "0.2.0"
source = "registry+https://github.com/rust-lang/crates.io-index"
checksum = "77107325d07454a4de518e92b1e061ded5af8aa32d52edb1fde60c813d1eff1b"
dependencies = [
 "proc-macro2",
 "quote",
 "syn 2.0.114",
]

[[package]]
name = "foldhash"
version = "0.1.5"
source = "registry+https://github.com/rust-lang/crates.io-index"
checksum = "d9c4f5dac5e15c24eb999c26181a6ca40b39fe946cbe4c263c7209467bc83af2"

[[package]]
name = "fxhash"
version = "0.2.1"
source = "registry+https://github.com/rust-lang/crates.io-index"
checksum = "c31b6d751ae2c7f11320402d34e41349dd1016f8d5d45e48c4312bc8625af50c"
dependencies = [
 "byteorder",
]

[[package]]
name = "generic-array"
version = "0.14.7"
source = "registry+https://github.com/rust-lang/crates.io-index"
checksum = "85649ca51fd72272d7821adaf274ad91c288277713d9c18820d8499a7ff69e9a"
dependencies = [
 "typenum",
 "version_check",
]

[[package]]
name = "hashbrown"
version = "0.14.5"
source = "registry+https://github.com/rust-lang/crates.io-index"
checksum = "e5274423e17b7c9fc20b6e7e208532f9b19825d82dfd615708b70edd83df41f1"
dependencies = [
 "ahash",
]

[[package]]
name = "hashbrown"
version = "0.15.5"
source = "registry+https://github.com/rust-lang/crates.io-index"
checksum = "9229cfe53dfd69f0609a49f65461bd93001ea1ef889cd5529dd176593f5338a1"
dependencies = [
 "equivalent",
 "foldhash",
 "rustc-std-workspace-alloc",
 "serde",
]

[[package]]
name = "hashbrown"
version = "0.16.1"
source = "registry+https://github.com/rust-lang/crates.io-index"
checksum = "841d1cc9bed7f9236f321df977030373f4a4163ae1a7dbfe1a51a2c1a51d9100"

[[package]]
name = "heck"
version = "0.3.3"
source = "registry+https://github.com/rust-lang/crates.io-index"
checksum = "6d621efb26863f0e9924c6ac577e8275e5e6b77455db64ffa6c65c904e9e132c"
dependencies = [
 "unicode-segmentation",
]

[[package]]
name = "heck"
version = "0.5.0"
source = "registry+https://github.com/rust-lang/crates.io-index"
checksum = "2304e00983f87ffb38b55b444b5e3b60a884b5d30c0fca7d82fe33449bbe55ea"

[[package]]
name = "hex"
version = "0.4.3"
source = "registry+https://github.com/rust-lang/crates.io-index"
checksum = "7f24254aa9a54b5c858eaee2f5bccdb46aaf0e486a595ed5fd8f86ba55232a70"

[[package]]
name = "ic-stable-structures"
version = "0.6.9"
source = "registry+https://github.com/rust-lang/crates.io-index"
checksum = "4d30d4cf17aff1024e13133897048bcba580e063c9000571ab766ca37e2996f4"
dependencies = [
 "ic_principal",
]

[[package]]
name = "ic_principal"
version = "0.1.2"
source = "registry+https://github.com/rust-lang/crates.io-index"
checksum = "8b2b6c5941dfd659e77b262342fa58ad49489367ad026255cda8c43682d0c534"

[[package]]
name = "id-arena"
version = "2.3.0"
source = "registry+https://github.com/rust-lang/crates.io-index"
checksum = "3d3067d79b975e8844ca9eb072e16b31c3c1c36928edf9c6789548c524d0d954"

[[package]]
name = "ident_case"
version = "1.0.1"
source = "registry+https://github.com/rust-lang/crates.io-index"
checksum = "b9e0384b61958566e926dc50660321d12159025e767c18e043daf26b70104c39"

[[package]]
name = "impl-trait-for-tuples"
version = "0.2.3"
source = "registry+https://github.com/rust-lang/crates.io-index"
checksum = "a0eb5a3343abf848c0984fe4604b2b105da9539376e24fc0a3b0007411ae4fd9"
dependencies = [
 "proc-macro2",
 "quote",
 "syn 2.0.114",
]

[[package]]
name = "indexmap"
version = "2.13.0"
source = "registry+https://github.com/rust-lang/crates.io-index"
checksum = "7714e70437a7dc3ac8eb7e6f8df75fd8eb422675fc7678aff7364301092b1017"
dependencies = [
 "equivalent",
 "hashbrown 0.16.1",
 "serde",
 "serde_core",
]

[[package]]
name = "indoc"
version = "2.0.7"
source = "registry+https://github.com/rust-lang/crates.io-index"
checksum = "79cf5c93f93228cf8efb3ba362535fb11199ac548a09ce117c9b1adc3030d706"
dependencies = [
 "rustversion",
]

[[package]]
name = "instability"
version = "0.3.11"
source = "registry+https://github.com/rust-lang/crates.io-index"
checksum = "357b7205c6cd18dd2c86ed312d1e70add149aea98e7ef72b9fdf0270e555c11d"
dependencies = [
 "darling",
 "indoc",
 "proc-macro2",
 "quote",
 "syn 2.0.114",
]

[[package]]
name = "itertools"
version = "0.10.5"
source = "registry+https://github.com/rust-lang/crates.io-index"
checksum = "b0fd2260e829bddf4cb6ea802289de2f86d6a7a690192fbe91b3f46e0f2c8473"
dependencies = [
 "either",
]

[[package]]
name = "itertools"
version = "0.13.0"
source = "registry+https://github.com/rust-lang/crates.io-index"
checksum = "413ee7dfc52ee1a4949ceeb7dbc8a33f2d6c088194d9f922fb8318faf1f01186"
dependencies = [
 "either",
]

[[package]]
name = "itoa"
version = "1.0.17"
source = "registry+https://github.com/rust-lang/crates.io-index"
checksum = "92ecc6618181def0457392ccd0ee51198e065e016d1d527a7ac1b6dc7c1f09d2"

[[package]]
name = "keccak"
version = "0.1.5"
source = "registry+https://github.com/rust-lang/crates.io-index"
checksum = "ecc2af9a1119c51f12a14607e783cb977bde58bc069ff0c3da1095e635d70654"
dependencies = [
 "cpufeatures",
]

[[package]]
name = "leb128"
version = "0.2.5"
source = "registry+https://github.com/rust-lang/crates.io-index"
checksum = "884e2677b40cc8c339eaefcb701c32ef1fd2493d71118dc0ca4b6a736c93bd67"

[[package]]
name = "leb128fmt"
version = "0.1.0"
source = "registry+https://github.com/rust-lang/crates.io-index"
checksum = "09edd9e8b54e49e587e4f6295a7d29c3ea94d469cb40ab8ca70b288248a81db2"

[[package]]
name = "lending-iterator"
version = "0.1.7"
source = "registry+https://github.com/rust-lang/crates.io-index"
checksum = "bc07588c853b50689205fb5c00498aa681d89828e0ce8cbd965ebc7a5d8ae260"
dependencies = [
 "extension-traits",
 "lending-iterator-proc_macros",
 "macro_rules_attribute",
 "never-say-never",
 "nougat",
 "polonius-the-crab",
]

[[package]]
name = "lending-iterator-proc_macros"
version = "0.1.7"
source = "registry+https://github.com/rust-lang/crates.io-index"
checksum = "b5445dd1c0deb1e97b8a16561d17fc686ca83e8411128fb036e9668a72d51b1d"
dependencies = [
 "proc-macro2",
 "quote",
 "syn 1.0.109",
]

[[package]]
name = "libc"
version = "0.2.180"
source = "registry+https://github.com/rust-lang/crates.io-index"
checksum = "bcc35a38544a891a5f7c865aca548a982ccb3b8650a5b06d0fd33a10283c56fc"

[[package]]
name = "log"
version = "0.4.29"
source = "registry+https://github.com/rust-lang/crates.io-index"
checksum = "5e5032e24019045c762d3c0f28f5b6b8bbf38563a65908389bf7978758920897"

[[package]]
name = "macro_rules_attribute"
version = "0.1.3"
source = "registry+https://github.com/rust-lang/crates.io-index"
checksum = "cf0c9b980bf4f3a37fd7b1c066941dd1b1d0152ce6ee6e8fe8c49b9f6810d862"
dependencies = [
 "macro_rules_attribute-proc_macro",
 "paste",
]

[[package]]
name = "macro_rules_attribute-proc_macro"
version = "0.1.3"
source = "registry+https://github.com/rust-lang/crates.io-index"
checksum = "58093314a45e00c77d5c508f76e77c3396afbbc0d01506e7fae47b018bac2b1d"

[[package]]
name = "memchr"
version = "2.7.6"
source = "registry+https://github.com/rust-lang/crates.io-index"
checksum = "f52b00d39961fc5b2736ea853c9cc86238e165017a493d1d5c8eac6bdc4cc273"

[[package]]
name = "never-say-never"
version = "6.6.666"
source = "registry+https://github.com/rust-lang/crates.io-index"
checksum = "cf5a574dadd7941adeaa71823ecba5e28331b8313fb2e1c6a5c7e5981ea53ad6"

[[package]]
name = "nom"
version = "8.0.0"
source = "registry+https://github.com/rust-lang/crates.io-index"
checksum = "df9761775871bdef83bee530e60050f7e54b1105350d6884eb0fb4f46c2f9405"
dependencies = [
 "memchr",
]

[[package]]
name = "nonempty"
version = "0.10.0"
source = "registry+https://github.com/rust-lang/crates.io-index"
checksum = "303e8749c804ccd6ca3b428de7fe0d86cb86bc7606bc15291f100fd487960bb8"

[[package]]
name = "nougat"
version = "0.2.4"
source = "registry+https://github.com/rust-lang/crates.io-index"
checksum = "97b57b9ced431322f054fc673f1d3c7fa52d80efd9df74ad2fc759f044742510"
dependencies = [
 "macro_rules_attribute",
 "nougat-proc_macros",
]

[[package]]
name = "nougat-proc_macros"
version = "0.2.4"
source = "registry+https://github.com/rust-lang/crates.io-index"
checksum = "c84f77a45e99a2f9b492695d99e1c23844619caa5f3e57647cffacad773ca257"
dependencies = [
 "proc-macro2",
 "quote",
 "syn 1.0.109",
]

[[package]]
name = "once_cell"
version = "1.21.3"
source = "registry+https://github.com/rust-lang/crates.io-index"
checksum = "42f5e15c9953c5e4ccceeb2e7382a716482c34515315f7b03532b8b4e8393d2d"

[[package]]
name = "paste"
version = "1.0.15"
source = "registry+https://github.com/rust-lang/crates.io-index"
checksum = "57c0d7b74b563b49d38dae00a0c37d4d6de9b432382b2892f0574ddcae73fd0a"

[[package]]
name = "pit-basic"
version = "0.4.0"
dependencies = [
 "externref",
 "ic-stable-structures",
 "tpit-rt",
]

[[package]]
name = "pit-c"
version = "0.4.0"
dependencies = [
 "hex",
 "itertools 0.13.0",
 "pit-core",
]

[[package]]
name = "pit-cli"
version = "0.4.0"
dependencies = [
 "anyhow",
 "base64",
 "nom",
 "pit-c",
 "pit-core",
 "pit-patch",
 "pit-rust-guest",
 "pit-teavm",
 "portal-pc-waffle",
 "prettyplease",
 "proc-macro2",
 "quote",
 "syn 2.0.114",
]

[[package]]
name = "pit-core"
version = "0.4.9"
source = "git+https://github.com/portal-co/pit-core.git#4395c3460977faa29cff866b1687ad5b6c020040"
dependencies = [
 "base64",
 "derive_more",
 "hex",
 "instability",
 "nom",
 "sha3",
]

[[package]]
name = "pit-patch"
version = "0.4.0"
dependencies = [
 "anyhow",
 "hex",
 "nom",
 "pit-core",
 "portal-pc-waffle",
 "sha3",
]

[[package]]
name = "pit-rust-externref"
version = "0.3.2"
dependencies = [
 "externref",
]

[[package]]
name = "pit-rust-generator"
version = "0.4.0"
dependencies = [
 "anyhow",
 "nom",
 "pit-core",
 "pit-rust-guest",
 "prettyplease",
 "proc-macro2",
 "quote",
 "syn 2.0.114",
]

[[package]]
name = "pit-rust-guest"
version = "0.4.0"
dependencies = [
 "hex",
 "nom",
 "pit-core",
 "proc-macro2",
 "quasiquote",
 "quote",
 "sha3",
 "syn 2.0.114",
]

[[package]]
name = "pit-rust-host"
version = "0.3.2"
dependencies = [
 "hex",
 "nom",
 "pit-core",
 "pit-rust-guest",
 "pit-rust-host-core",
 "proc-macro2",
 "quasiquote",
 "quote",
 "syn 2.0.114",
]

[[package]]
name = "pit-rust-host-core"
version = "0.4.0"
dependencies = [
 "hex",
 "nom",
 "pit-core",
 "proc-macro2",
 "quasiquote",
 "quote",
 "syn 2.0.114",
]

[[package]]
name = "pit-rust-host-lib"
version = "0.4.0"
dependencies = [
 "anyhow",
 "nom",
 "pit-core",
 "wasm_runtime_layer",
]

[[package]]
name = "pit-teavm"
version = "0.4.0"
dependencies = [
 "hex",
 "itertools 0.13.0",
 "pit-core",
]

[[package]]
name = "pit-wit-wasm-bridge"
version = "0.3.2"
dependencies = [
 "anyhow",
 "nom",
 "nonempty",
 "pit-core",
 "pit-patch",
 "portal-pc-waffle",
 "wit-bindgen-core",
]

[[package]]
name = "polonius-the-crab"
version = "0.2.1"
source = "registry+https://github.com/rust-lang/crates.io-index"
checksum = "c2a69ee997a6282f8462abf1e0d8c38c965e968799e912b3bed8c9e8a28c2f9f"

[[package]]
name = "portal-pc-waffle"
version = "0.5.5"
source = "registry+https://github.com/rust-lang/crates.io-index"
checksum = "129eccbc902d2aa4892f85d7baa00980ed15215f9bcedbb13fb4564e13c34833"
dependencies = [
 "anyhow",
 "arena-traits",
 "either",
 "hashbrown 0.15.5",
 "impl-trait-for-tuples",
 "indexmap",
 "lending-iterator",
 "log",
 "paste",
 "serde",
 "sha3",
 "smallvec",
 "wasm-encoder",
 "wasmparser 0.227.1",
]

[[package]]
name = "prettyplease"
version = "0.2.37"
source = "registry+https://github.com/rust-lang/crates.io-index"
checksum = "479ca8adacdd7ce8f1fb39ce9ecccbfe93a3f1344b3d0d97f20bc0196208f62b"
dependencies = [
 "proc-macro2",
 "syn 2.0.114",
]

[[package]]
name = "proc-macro2"
version = "1.0.106"
source = "registry+https://github.com/rust-lang/crates.io-index"
checksum = "8fd00f0bb2e90d81d1044c2b32617f68fcb9fa3bb7640c23e9c748e53fb30934"
dependencies = [
 "unicode-ident",
]

[[package]]
name = "quasiquote"
version = "0.1.1"
source = "registry+https://github.com/rust-lang/crates.io-index"
checksum = "9d7f3e24436387bc9ee9963246739f2a851d9ca85ed73a2c5b878bf908e9b34d"
dependencies = [
 "proc-macro2",
 "quasiquote-proc-macro",
 "quote",
]

[[package]]
name = "quasiquote-proc-macro"
version = "0.1.0"
source = "registry+https://github.com/rust-lang/crates.io-index"
checksum = "79bc0a2b2a185610156579070227676cf31d6282045d01273bbfc65804df6022"
dependencies = [
 "itertools 0.10.5",
 "proc-macro2",
 "quote",
]

[[package]]
name = "quote"
version = "1.0.43"
source = "registry+https://github.com/rust-lang/crates.io-index"
checksum = "dc74d9a594b72ae6656596548f56f667211f8a97b3d4c3d467150794690dc40a"
dependencies = [
 "proc-macro2",
]

[[package]]
name = "ref-cast"
version = "1.0.25"
source = "registry+https://github.com/rust-lang/crates.io-index"
checksum = "f354300ae66f76f1c85c5f84693f0ce81d747e2c3f21a45fef496d89c960bf7d"
dependencies = [
 "ref-cast-impl",
]

[[package]]
name = "ref-cast-impl"
version = "1.0.25"
source = "registry+https://github.com/rust-lang/crates.io-index"
checksum = "b7186006dcb21920990093f30e3dea63b7d6e977bf1256be20c3563a5db070da"
dependencies = [
 "proc-macro2",
 "quote",
 "syn 2.0.114",
]

[[package]]
name = "rustc-std-workspace-alloc"
version = "1.0.1"
source = "registry+https://github.com/rust-lang/crates.io-index"
checksum = "f9d441c3b2ebf55cebf796bfdc265d67fa09db17b7bb6bd4be75c509e1e8fec3"

[[package]]
name = "rustc_version"
version = "0.4.1"
source = "registry+https://github.com/rust-lang/crates.io-index"
checksum = "cfcb3a22ef46e85b45de6ee7e79d063319ebb6594faafcf1c225ea92ab6e9b92"
dependencies = [
 "semver",
]

[[package]]
name = "rustversion"
version = "1.0.22"
source = "registry+https://github.com/rust-lang/crates.io-index"
checksum = "b39cdef0fa800fc44525c84ccb54a029961a8215f9619753635a9c0d2538d46d"

[[package]]
name = "semver"
version = "1.0.27"
source = "registry+https://github.com/rust-lang/crates.io-index"
checksum = "d767eb0aabc880b29956c35734170f26ed551a859dbd361d140cdbeca61ab1e2"

[[package]]
name = "serde"
version = "1.0.228"
source = "registry+https://github.com/rust-lang/crates.io-index"
checksum = "9a8e94ea7f378bd32cbbd37198a4a91436180c5bb472411e48b5ec2e2124ae9e"
dependencies = [
 "serde_core",
 "serde_derive",
]

[[package]]
name = "serde_core"
version = "1.0.228"
source = "registry+https://github.com/rust-lang/crates.io-index"
checksum = "41d385c7d4ca58e59fc732af25c3983b67ac852c1a25000afe1175de458b67ad"
dependencies = [
 "serde_derive",
]

[[package]]
name = "serde_derive"
version = "1.0.228"
source = "registry+https://github.com/rust-lang/crates.io-index"
checksum = "d540f220d3187173da220f885ab66608367b6574e925011a9353e4badda91d79"
dependencies = [
 "proc-macro2",
 "quote",
 "syn 2.0.114",
]

[[package]]
name = "serde_json"
version = "1.0.149"
source = "registry+https://github.com/rust-lang/crates.io-index"
checksum = "83fc039473c5595ace860d8c4fafa220ff474b3fc6bfdb4293327f1a37e94d86"
dependencies = [
 "itoa",
 "memchr",
 "serde",
 "serde_core",
 "zmij",
]

[[package]]
name = "sha3"
version = "0.10.8"
source = "registry+https://github.com/rust-lang/crates.io-index"
checksum = "75872d278a8f37ef87fa0ddbda7802605cb18344497949862c0d4dcb291eba60"
dependencies = [
 "digest",
 "keccak",
]

[[package]]
name = "smallvec"
version = "1.15.1"
source = "registry+https://github.com/rust-lang/crates.io-index"
checksum = "67b1b7a3b5fe4f1376887184045fcf45c69e92af734b7aaddc05fb777b6fbd03"

[[package]]
name = "strsim"
version = "0.11.1"
source = "registry+https://github.com/rust-lang/crates.io-index"
checksum = "7da8b5736845d9f2fcb837ea5d9e2628564b3b043a70948a3f0b778838c5fb4f"

[[package]]
name = "syn"
version = "1.0.109"
source = "registry+https://github.com/rust-lang/crates.io-index"
checksum = "72b64191b275b66ffe2469e8af2c1cfe3bafa67b529ead792a6d0160888b4237"
dependencies = [
 "proc-macro2",
 "quote",
 "unicode-ident",
]

[[package]]
name = "syn"
version = "2.0.114"
source = "registry+https://github.com/rust-lang/crates.io-index"
checksum = "d4d107df263a3013ef9b1879b0df87d706ff80f65a86ea879bd9c31f9b307c2a"
dependencies = [
 "proc-macro2",
 "quote",
 "unicode-ident",
]

[[package]]
name = "tpit-rt"
version = "0.4.0"

[[package]]
name = "typenum"
version = "1.19.0"
source = "registry+https://github.com/rust-lang/crates.io-index"
checksum = "562d481066bde0658276a35467c4af00bdc6ee726305698a55b86e61d7ad82bb"

[[package]]
name = "unicode-ident"
version = "1.0.22"
source = "registry+https://github.com/rust-lang/crates.io-index"
checksum = "9312f7c4f6ff9069b165498234ce8be658059c6728633667c526e27dc2cf1df5"

[[package]]
name = "unicode-segmentation"
version = "1.12.0"
source = "registry+https://github.com/rust-lang/crates.io-index"
checksum = "f6ccf251212114b54433ec949fd6a7841275f9ada20dddd2f29e9ceea4501493"

[[package]]
name = "unicode-xid"
version = "0.2.6"
source = "registry+https://github.com/rust-lang/crates.io-index"
checksum = "ebc1c04c71510c7f702b52b7c350734c9ff1295c464a03335b00bb84fc54f853"

[[package]]
name = "version_check"
version = "0.9.5"
source = "registry+https://github.com/rust-lang/crates.io-index"
checksum = "0b928f33d975fc6ad9f86c8f283853ad26bdd5b10b7f1542aa2fa15e2289105a"

[[package]]
name = "walrus"
version = "0.19.0"
source = "registry+https://github.com/rust-lang/crates.io-index"
checksum = "4eb08e48cde54c05f363d984bb54ce374f49e242def9468d2e1b6c2372d291f8"
dependencies = [
 "anyhow",
 "id-arena",
 "leb128",
 "log",
 "walrus-macro",
 "wasmparser 0.77.1",
]

[[package]]
name = "walrus-macro"
version = "0.19.0"
source = "registry+https://github.com/rust-lang/crates.io-index"
checksum = "0a6e5bd22c71e77d60140b0bd5be56155a37e5bd14e24f5f87298040d0cc40d7"
dependencies = [
 "heck 0.3.3",
 "proc-macro2",
 "quote",
 "syn 1.0.109",
]

[[package]]
name = "wasm-encoder"
version = "0.227.1"
source = "registry+https://github.com/rust-lang/crates.io-index"
checksum = "80bb72f02e7fbf07183443b27b0f3d4144abf8c114189f2e088ed95b696a7822"
dependencies = [
 "leb128fmt",
]

[[package]]
name = "wasm_runtime_layer"
version = "0.5.0"
source = "registry+https://github.com/rust-lang/crates.io-index"
checksum = "38ccffca37862a8f398fe622f8dc749e0ed6056c71570b9812dce3a39ae86c6e"
dependencies = [
 "anyhow",
 "fxhash",
 "hashbrown 0.15.5",
 "ref-cast",
 "smallvec",
]

[[package]]
name = "wasmparser"
version = "0.77.1"
source = "registry+https://github.com/rust-lang/crates.io-index"
checksum = "5fe3d5405e9ea6c1317a656d6e0820912d8b7b3607823a7596117c8f666daf6f"

[[package]]
name = "wasmparser"
version = "0.219.2"
source = "registry+https://github.com/rust-lang/crates.io-index"
checksum = "5220ee4c6ffcc0cb9d7c47398052203bc902c8ef3985b0c8134118440c0b2921"
dependencies = [
 "ahash",
 "bitflags",
 "hashbrown 0.14.5",
 "indexmap",
 "semver",
]

[[package]]
name = "wasmparser"
version = "0.227.1"
source = "registry+https://github.com/rust-lang/crates.io-index"
checksum = "0f51cad774fb3c9461ab9bccc9c62dfb7388397b5deda31bf40e8108ccd678b2"
dependencies = [
 "bitflags",
]

[[package]]
name = "wit-bindgen-core"
version = "0.34.0"
source = "registry+https://github.com/rust-lang/crates.io-index"
checksum = "163cee59d3d5ceec0b256735f3ab0dccac434afb0ec38c406276de9c5a11e906"
dependencies = [
 "anyhow",
 "heck 0.5.0",
 "wit-parser",
]

[[package]]
name = "wit-parser"
version = "0.219.2"
source = "registry+https://github.com/rust-lang/crates.io-index"
checksum = "ca004bb251010fe956f4a5b9d4bf86b4e415064160dd6669569939e8cbf2504f"
dependencies = [
 "anyhow",
 "id-arena",
 "indexmap",
 "log",
 "semver",
 "serde",
 "serde_derive",
 "serde_json",
 "unicode-xid",
 "wasmparser 0.219.2",
]

[[package]]
name = "zerocopy"
version = "0.8.33"
source = "registry+https://github.com/rust-lang/crates.io-index"
checksum = "668f5168d10b9ee831de31933dc111a459c97ec93225beb307aed970d1372dfd"
dependencies = [
 "zerocopy-derive",
]

[[package]]
name = "zerocopy-derive"
version = "0.8.33"
source = "registry+https://github.com/rust-lang/crates.io-index"
checksum = "2c7962b26b0a8685668b671ee4b54d007a67d4eaf05fda79ac0ecf41e32270f1"
dependencies = [
 "proc-macro2",
 "quote",
 "syn 2.0.114",
]

[[package]]
name = "zmij"
version = "1.0.16"
source = "registry+https://github.com/rust-lang/crates.io-index"
checksum = "dfcd145825aace48cff44a8844de64bf75feec3080e0aa5cdbde72961ae51a65"
